# @generated - this file is auto-generated by `mise lock` https://mise.en.dev/dev-tools/mise-lock.html

[[tools."aqua:derailed/k9s"]]
version = "0.51.0"
backend = "aqua:derailed/k9s"

[tools."aqua:derailed/k9s"."platforms.linux-arm64"]
checksum = "sha256:3ee05c82e5f9198928a4e86133608ba6a2c10a2244d6a7789e820f78319d640c"
url = "https://github.com/derailed/k9s/releases/download/v0.51.0/k9s_Linux_arm64.tar.gz"
url_api = "https://api.github.com/repos/derailed/k9s/releases/assets/440226045"

[tools."aqua:derailed/k9s"."platforms.linux-arm64-musl"]
checksum = "sha256:3ee05c82e5f9198928a4e86133608ba6a2c10a2244d6a7789e820f78319d640c"
url = "https://github.com/derailed/k9s/releases/download/v0.51.0/k9s_Linux_arm64.tar.gz"
url_api = "https://api.github.com/repos/derailed/k9s/releases/assets/440226045"

[tools."aqua:derailed/k9s"."platforms.linux-x64"]
checksum = "sha256:c3752ad51a5a4015a113819c4eeb6e55a4d0e4b8e652494797532f6fc8161dd7"
url = "https://github.com/derailed/k9s/releases/download/v0.51.0/k9s_Linux_amd64.tar.gz"
url_api = "https://api.github.com/repos/derailed/k9s/releases/assets/440224321"

[tools."aqua:derailed/k9s"."platforms.linux-x64-musl"]
checksum = "sha256:c3752ad51a5a4015a113819c4eeb6e55a4d0e4b8e652494797532f6fc8161dd7"
url = "https://github.com/derailed/k9s/releases/download/v0.51.0/k9s_Linux_amd64.tar.gz"
url_api = "https://api.github.com/repos/derailed/k9s/releases/assets/440224321"

[tools."aqua:derailed/k9s"."platforms.macos-arm64"]
checksum = "sha256:9b8c0e8f461e5d33aeee43a67f5ef4aff646a008a786887b8266cbb153c610cc"
url = "https://github.com/derailed/k9s/releases/download/v0.51.0/k9s_Darwin_arm64.tar.gz"
url_api = "https://api.github.com/repos/derailed/k9s/releases/assets/440224326"

[tools."aqua:derailed/k9s"."platforms.macos-x64"]
checksum = "sha256:7e8802c57c45a0cd389e8fc38472243fe4cf48d8ad5957e189ce370e19e5eda0"
url = "https://github.com/derailed/k9s/releases/download/v0.51.0/k9s_Darwin_amd64.tar.gz"
url_api = "https://api.github.com/repos/derailed/k9s/releases/assets/440224322"

[tools."aqua:derailed/k9s"."platforms.windows-x64"]
checksum = "sha256:bba299f1877913979831543a008f2e104995d2ea4ac8f23d7f49c0444857d973"
url = "https://github.com/derailed/k9s/releases/download/v0.51.0/k9s_Windows_amd64.zip"
url_api = "https://api.github.com/repos/derailed/k9s/releases/assets/440224317"

[[tools."aqua:goreleaser/goreleaser"]]
version = "2.17.0"
backend = "aqua:goreleaser/goreleaser"

[tools."aqua:goreleaser/goreleaser"."platforms.linux-arm64"]
checksum = "sha256:75f93fc0e25d10d8535ffd0e4abcf39d6784a2467ba453d479ae513729a9ebbf"
url = "https://github.com/goreleaser/goreleaser/releases/download/v2.17.0/goreleaser_Linux_arm64.tar.gz"
url_api = "https://api.github.com/repos/goreleaser/goreleaser/releases/assets/466714135"
provenance = "github-attestations"

[tools."aqua:goreleaser/goreleaser"."platforms.linux-arm64-musl"]
checksum = "sha256:75f93fc0e25d10d8535ffd0e4abcf39d6784a2467ba453d479ae513729a9ebbf"
url = "https://github.com/goreleaser/goreleaser/releases/download/v2.17.0/goreleaser_Linux_arm64.tar.gz"
url_api = "https://api.github.com/repos/goreleaser/goreleaser/releases/assets/466714135"
provenance = "github-attestations"

[tools."aqua:goreleaser/goreleaser"."platforms.linux-x64"]
checksum = "sha256:dde10e2d5a13cef969c0eec00c74f359c0ac306d702b1bd291ad9337b4e54c1d"
url = "https://github.com/goreleaser/goreleaser/releases/download/v2.17.0/goreleaser_Linux_x86_64.tar.gz"
url_api = "https://api.github.com/repos/goreleaser/goreleaser/releases/assets/466714136"
provenance = "github-attestations"

[tools."aqua:goreleaser/goreleaser"."platforms.linux-x64-musl"]
checksum = "sha256:dde10e2d5a13cef969c0eec00c74f359c0ac306d702b1bd291ad9337b4e54c1d"
url = "https://github.com/goreleaser/goreleaser/releases/download/v2.17.0/goreleaser_Linux_x86_64.tar.gz"
url_api = "https://api.github.com/repos/goreleaser/goreleaser/releases/assets/466714136"
provenance = "github-attestations"

[tools."aqua:goreleaser/goreleaser"."platforms.macos-arm64"]
checksum = "sha256:4106ff54bcaa1d387d3317047169da28aed6ce36c8e035e76cf35ba349db06ef"
url = "https://github.com/goreleaser/goreleaser/releases/download/v2.17.0/goreleaser_Darwin_all.tar.gz"
url_api = "https://api.github.com/repos/goreleaser/goreleaser/releases/assets/466714160"
provenance = "github-attestations"

[tools."aqua:goreleaser/goreleaser"."platforms.macos-x64"]
checksum = "sha256:4106ff54bcaa1d387d3317047169da28aed6ce36c8e035e76cf35ba349db06ef"
url = "https://github.com/goreleaser/goreleaser/releases/download/v2.17.0/goreleaser_Darwin_all.tar.gz"
url_api = "https://api.github.com/repos/goreleaser/goreleaser/releases/assets/466714160"
provenance = "github-attestations"

[tools."aqua:goreleaser/goreleaser"."platforms.windows-x64"]
checksum = "sha256:427f2928d798f9affa5ddd2412e354f90ecf9e2ba541b3e0767570eb1121482b"
url = "https://github.com/goreleaser/goreleaser/releases/download/v2.17.0/goreleaser_Windows_x86_64.zip"
url_api = "https://api.github.com/repos/goreleaser/goreleaser/releases/assets/466714129"
provenance = "github-attestations"

[[tools."aqua:helm/helm"]]
version = "4.2.2"
backend = "aqua:helm/helm"

[tools."aqua:helm/helm"."platforms.linux-arm64"]
checksum = "sha256:78803142087a0069fa4b50d3f32a84d3ef25c14d1ee8a40fbccf86a6216d2f36"
url = "https://get.helm.sh/helm-v4.2.2-linux-arm64.tar.gz"

[tools."aqua:helm/helm"."platforms.linux-arm64-musl"]
checksum = "sha256:78803142087a0069fa4b50d3f32a84d3ef25c14d1ee8a40fbccf86a6216d2f36"
url = "https://get.helm.sh/helm-v4.2.2-linux-arm64.tar.gz"

[tools."aqua:helm/helm"."platforms.linux-x64"]
checksum = "sha256:9adafecab4d406853bba163a70e9f104f47dbbf65ce24b7653bae7e36150bcb6"
url = "https://get.helm.sh/helm-v4.2.2-linux-amd64.tar.gz"

[tools."aqua:helm/helm"."platforms.linux-x64-musl"]
checksum = "sha256:9adafecab4d406853bba163a70e9f104f47dbbf65ce24b7653bae7e36150bcb6"
url = "https://get.helm.sh/helm-v4.2.2-linux-amd64.tar.gz"

[tools."aqua:helm/helm"."platforms.macos-arm64"]
checksum = "sha256:5410a0dae3d5d91f45653b161260d9301aabc4ae80ae50a6605d66884b6df8ea"
url = "https://get.helm.sh/helm-v4.2.2-darwin-arm64.tar.gz"

[tools."aqua:helm/helm"."platforms.macos-x64"]
checksum = "sha256:10c1e36ee8c5f2e2ee25a16599cb03ab74c0953cd889cacb980a49ba4b6574ba"
url = "https://get.helm.sh/helm-v4.2.2-darwin-amd64.tar.gz"

[tools."aqua:helm/helm"."platforms.windows-x64"]
checksum = "sha256:29589dad546f8bcd3a6ad92261fcb4a6c9db4a32f9e4fc4f5212db189553dc60"
url = "https://get.helm.sh/helm-v4.2.2-windows-amd64.tar.gz"

[[tools."aqua:kubernetes/kubectl"]]
version = "1.33.1"
backend = "aqua:kubernetes/kubectl"

[tools."aqua:kubernetes/kubectl"."platforms.linux-arm64"]
checksum = "sha256:d595d1a26b7444e0beb122e25750ee4524e74414bbde070b672b423139295ce6"
url = "https://dl.k8s.io/v1.33.1/bin/linux/arm64/kubectl"

[tools."aqua:kubernetes/kubectl"."platforms.linux-arm64-musl"]
checksum = "sha256:d595d1a26b7444e0beb122e25750ee4524e74414bbde070b672b423139295ce6"
url = "https://dl.k8s.io/v1.33.1/bin/linux/arm64/kubectl"

[tools."aqua:kubernetes/kubectl"."platforms.linux-x64"]
checksum = "sha256:5de4e9f2266738fd112b721265a0c1cd7f4e5208b670f811861f699474a100a3"
url = "https://dl.k8s.io/v1.33.1/bin/linux/amd64/kubectl"

[tools."aqua:kubernetes/kubectl"."platforms.linux-x64-musl"]
checksum = "sha256:5de4e9f2266738fd112b721265a0c1cd7f4e5208b670f811861f699474a100a3"
url = "https://dl.k8s.io/v1.33.1/bin/linux/amd64/kubectl"

[tools."aqua:kubernetes/kubectl"."platforms.macos-arm64"]
checksum = "sha256:8ae6823839993bb2e394c3cf1919748e530642c625dc9100159595301f53bdeb"
url = "https://dl.k8s.io/v1.33.1/bin/darwin/arm64/kubectl"

[tools."aqua:kubernetes/kubectl"."platforms.macos-x64"]
checksum = "sha256:8d36a5c66142547ad16e332942fd16a0ca2b3346d9ebaab6c348de2c70d9d875"
url = "https://dl.k8s.io/v1.33.1/bin/darwin/amd64/kubectl"

[tools."aqua:kubernetes/kubectl"."platforms.windows-x64"]
checksum = "sha256:815c3c39984d1f7347486ad58b8e33e61ee87bc8ad79e0dbc9793e22200614fb"
url = "https://dl.k8s.io/v1.33.1/bin/windows/amd64/kubectl.exe"

[[tools."aqua:kubernetes/minikube"]]
version = "1.38.1"
backend = "aqua:kubernetes/minikube"

[tools."aqua:kubernetes/minikube"."platforms.linux-arm64"]
checksum = "sha256:a0b8a1ebfc8c07a247271d8df98ac0ddd7c8c855b601d402463e2e50c08c6bab"
url = "https://github.com/kubernetes/minikube/releases/download/v1.38.1/minikube-linux-arm64"
url_api = "https://api.github.com/repos/kubernetes/minikube/releases/assets/358742599"

[tools."aqua:kubernetes/minikube"."platforms.linux-arm64-musl"]
checksum = "sha256:a0b8a1ebfc8c07a247271d8df98ac0ddd7c8c855b601d402463e2e50c08c6bab"
url = "https://github.com/kubernetes/minikube/releases/download/v1.38.1/minikube-linux-arm64"
url_api = "https://api.github.com/repos/kubernetes/minikube/releases/assets/358742599"

[tools."aqua:kubernetes/minikube"."platforms.linux-x64"]
checksum = "sha256:099477eaf248bcb5bcea8ce78a2898e93ac01461c35189da1848c3de82ecd22e"
url = "https://github.com/kubernetes/minikube/releases/download/v1.38.1/minikube-linux-amd64"
url_api = "https://api.github.com/repos/kubernetes/minikube/releases/assets/358743871"

[tools."aqua:kubernetes/minikube"."platforms.linux-x64-musl"]
checksum = "sha256:099477eaf248bcb5bcea8ce78a2898e93ac01461c35189da1848c3de82ecd22e"
url = "https://github.com/kubernetes/minikube/releases/download/v1.38.1/minikube-linux-amd64"
url_api = "https://api.github.com/repos/kubernetes/minikube/releases/assets/358743871"

[tools."aqua:kubernetes/minikube"."platforms.macos-arm64"]
checksum = "sha256:f9b0c70bb7daf38c683c0b6e46dc1b612600247ae826bf74576807746a919ee8"
url = "https://github.com/kubernetes/minikube/releases/download/v1.38.1/minikube-darwin-arm64"
url_api = "https://api.github.com/repos/kubernetes/minikube/releases/assets/358743776"

[tools."aqua:kubernetes/minikube"."platforms.macos-x64"]
checksum = "sha256:db11dffba835609988e4e98c3a91a38653ce66ddfa8ea3aaea92d87c54a0a348"
url = "https://github.com/kubernetes/minikube/releases/download/v1.38.1/minikube-darwin-amd64"
url_api = "https://api.github.com/repos/kubernetes/minikube/releases/assets/358741589"

[tools."aqua:kubernetes/minikube"."platforms.windows-x64"]
checksum = "sha256:04215bec5632a976b48eb632856b50f1eaaa183b9c2a5904e11d1bacc4961ff7"
url = "https://github.com/kubernetes/minikube/releases/download/v1.38.1/minikube-windows-amd64.exe"
url_api = "https://api.github.com/repos/kubernetes/minikube/releases/assets/358741430"

[[tools."aqua:rhysd/actionlint"]]
version = "1.7.12"
backend = "aqua:rhysd/actionlint"

[tools."aqua:rhysd/actionlint"."platforms.linux-arm64"]
checksum = "sha256:325e971b6ba9bfa504672e29be93c24981eeb1c07576d730e9f7c8805afff0c6"
url = "https://github.com/rhysd/actionlint/releases/download/v1.7.12/actionlint_1.7.12_linux_arm64.tar.gz"
url_api = "https://api.github.com/repos/rhysd/actionlint/releases/assets/384924897"
provenance = "github-attestations"

[tools."aqua:rhysd/actionlint"."platforms.linux-arm64-musl"]
checksum = "sha256:325e971b6ba9bfa504672e29be93c24981eeb1c07576d730e9f7c8805afff0c6"
url = "https://github.com/rhysd/actionlint/releases/download/v1.7.12/actionlint_1.7.12_linux_arm64.tar.gz"
url_api = "https://api.github.com/repos/rhysd/actionlint/releases/assets/384924897"
provenance = "github-attestations"

[tools."aqua:rhysd/actionlint"."platforms.linux-x64"]
checksum = "sha256:8aca8db96f1b94770f1b0d72b6dddcb1ebb8123cb3712530b08cc387b349a3d8"
url = "https://github.com/rhysd/actionlint/releases/download/v1.7.12/actionlint_1.7.12_linux_amd64.tar.gz"
url_api = "https://api.github.com/repos/rhysd/actionlint/releases/assets/384924896"
provenance = "github-attestations"

[tools."aqua:rhysd/actionlint"."platforms.linux-x64-musl"]
checksum = "sha256:8aca8db96f1b94770f1b0d72b6dddcb1ebb8123cb3712530b08cc387b349a3d8"
url = "https://github.com/rhysd/actionlint/releases/download/v1.7.12/actionlint_1.7.12_linux_amd64.tar.gz"
url_api = "https://api.github.com/repos/rhysd/actionlint/releases/assets/384924896"
provenance = "github-attestations"

[tools."aqua:rhysd/actionlint"."platforms.macos-arm64"]
checksum = "sha256:aba9ced2dee8d27fecca3dc7feb1a7f9a52caefa1eb46f3271ea66b6e0e6953f"
url = "https://github.com/rhysd/actionlint/releases/download/v1.7.12/actionlint_1.7.12_darwin_arm64.tar.gz"
url_api = "https://api.github.com/repos/rhysd/actionlint/releases/assets/384924893"
provenance = "github-attestations"

[tools."aqua:rhysd/actionlint"."platforms.macos-x64"]
checksum = "sha256:5b44c3bc2255115c9b69e30efc0fecdf498fdb63c5d58e17084fd5f16324c644"
url = "https://github.com/rhysd/actionlint/releases/download/v1.7.12/actionlint_1.7.12_darwin_amd64.tar.gz"
url_api = "https://api.github.com/repos/rhysd/actionlint/releases/assets/384924880"
provenance = "github-attestations"

[tools."aqua:rhysd/actionlint"."platforms.windows-x64"]
checksum = "sha256:6e7241b51e6817ea6a047693d8e6fed13b31819c9a0dd6c5a726e1592d22f6e9"
url = "https://github.com/rhysd/actionlint/releases/download/v1.7.12/actionlint_1.7.12_windows_amd64.zip"
url_api = "https://api.github.com/repos/rhysd/actionlint/releases/assets/384924919"
provenance = "github-attestations"

[[tools."github:caarlos0/svu"]]
version = "3.4.1"
backend = "github:caarlos0/svu"

[tools."github:caarlos0/svu"."platforms.linux-arm64"]
checksum = "sha256:801f310be2f91df86868a2de1f61fefaf06e3eb773431be7dde9765ecde4d21c"
url = "https://github.com/caarlos0/svu/releases/download/v3.4.1/svu_3.4.1_linux_arm64.tar.gz"
url_api = "https://api.github.com/repos/caarlos0/svu/releases/assets/410001856"
provenance = "github-attestations"

[tools."github:caarlos0/svu"."platforms.linux-arm64-musl"]
checksum = "sha256:801f310be2f91df86868a2de1f61fefaf06e3eb773431be7dde9765ecde4d21c"
url = "https://github.com/caarlos0/svu/releases/download/v3.4.1/svu_3.4.1_linux_arm64.tar.gz"
url_api = "https://api.github.com/repos/caarlos0/svu/releases/assets/410001856"
provenance = "github-attestations"

[tools."github:caarlos0/svu"."platforms.linux-x64"]
checksum = "sha256:7ee8c91998c15109130638dc661a912d5f426e2f8642f6f6c04e6502be920770"
url = "https://github.com/caarlos0/svu/releases/download/v3.4.1/svu_3.4.1_linux_amd64.tar.gz"
url_api = "https://api.github.com/repos/caarlos0/svu/releases/assets/410001859"
provenance = "github-attestations"

[tools."github:caarlos0/svu"."platforms.linux-x64-musl"]
checksum = "sha256:7ee8c91998c15109130638dc661a912d5f426e2f8642f6f6c04e6502be920770"
url = "https://github.com/caarlos0/svu/releases/download/v3.4.1/svu_3.4.1_linux_amd64.tar.gz"
url_api = "https://api.github.com/repos/caarlos0/svu/releases/assets/410001859"
provenance = "github-attestations"

[tools."github:caarlos0/svu"."platforms.macos-arm64"]
checksum = "sha256:aeec0a735f12d6313c5b4f295ac2f86e00b56571d241abe5aa0306b41f43efd7"
url = "https://github.com/caarlos0/svu/releases/download/v3.4.1/svu_3.4.1_darwin_all.tar.gz"
url_api = "https://api.github.com/repos/caarlos0/svu/releases/assets/410001878"
provenance = "github-attestations"

[tools."github:caarlos0/svu"."platforms.macos-x64"]
checksum = "sha256:aeec0a735f12d6313c5b4f295ac2f86e00b56571d241abe5aa0306b41f43efd7"
url = "https://github.com/caarlos0/svu/releases/download/v3.4.1/svu_3.4.1_darwin_all.tar.gz"
url_api = "https://api.github.com/repos/caarlos0/svu/releases/assets/410001878"
provenance = "github-attestations"

[tools."github:caarlos0/svu"."platforms.windows-x64"]
checksum = "sha256:7f8d17beb8fbe4a5c6e232072e93a71c8338173dafd95eda898bd1838d12b14e"
url = "https://github.com/caarlos0/svu/releases/download/v3.4.1/svu_3.4.1_windows_amd64.zip"
url_api = "https://api.github.com/repos/caarlos0/svu/releases/assets/410001860"
provenance = "github-attestations"

[[tools.go]]
version = "1.26.4"
backend = "core:go"

[tools.go."platforms.linux-arm64"]
checksum = "sha256:ef758ae7c6cf9267c9c0ef080b8965f453d89ab2d25d9eb22de4405925238768"
url = "https://dl.google.com/go/go1.26.4.linux-arm64.tar.gz"

[tools.go."platforms.linux-arm64-musl"]
checksum = "sha256:ef758ae7c6cf9267c9c0ef080b8965f453d89ab2d25d9eb22de4405925238768"
url = "https://dl.google.com/go/go1.26.4.linux-arm64.tar.gz"

[tools.go."platforms.linux-x64"]
checksum = "sha256:1153d3d50e0ac764b447adfe05c2bcf08e889d42a02e0fe0259bd47f6733ad7f"
url = "https://dl.google.com/go/go1.26.4.linux-amd64.tar.gz"

[tools.go."platforms.linux-x64-musl"]
checksum = "sha256:1153d3d50e0ac764b447adfe05c2bcf08e889d42a02e0fe0259bd47f6733ad7f"
url = "https://dl.google.com/go/go1.26.4.linux-amd64.tar.gz"

[tools.go."platforms.macos-arm64"]
checksum = "sha256:b62ad2b6d7d2464f12a5bcad7ff47f19d08325773b5efd21610e445a05a9bf53"
url = "https://dl.google.com/go/go1.26.4.darwin-arm64.tar.gz"

[tools.go."platforms.macos-x64"]
checksum = "sha256:05dc9b5f9997744520aaebb3d5deaa7c755371aebbfb7f97c2511a9f3367538d"
url = "https://dl.google.com/go/go1.26.4.darwin-amd64.tar.gz"

[tools.go."platforms.windows-x64"]
checksum = "sha256:3ca8fb4630b07c419cbdd51f754e31363cfcfb83b3a5354d9e895c90be2cc345"
url = "https://dl.google.com/go/go1.26.4.windows-amd64.zip"

[[tools.golangci-lint]]
version = "2.12.2"
backend = "aqua:golangci/golangci-lint"

[tools.golangci-lint."platforms.linux-arm64"]
checksum = "sha256:44cd40a8c76c86755375adfeea52cfd3533cb43d7bd647771e0ae065e166df3a"
url = "https://github.com/golangci/golangci-lint/releases/download/v2.12.2/golangci-lint-2.12.2-linux-arm64.tar.gz"
url_api = "https://api.github.com/repos/golangci/golangci-lint/releases/assets/413470996"
provenance = "github-attestations"

[tools.golangci-lint."platforms.linux-arm64-musl"]
checksum = "sha256:44cd40a8c76c86755375adfeea52cfd3533cb43d7bd647771e0ae065e166df3a"
url = "https://github.com/golangci/golangci-lint/releases/download/v2.12.2/golangci-lint-2.12.2-linux-arm64.tar.gz"
url_api = "https://api.github.com/repos/golangci/golangci-lint/releases/assets/413470996"
provenance = "github-attestations"

[tools.golangci-lint."platforms.linux-x64"]
checksum = "sha256:8df580d2670fed8fa984aac0507099af8df275e665215f5c7a2ae3943893a553"
url = "https://github.com/golangci/golangci-lint/releases/download/v2.12.2/golangci-lint-2.12.2-linux-amd64.tar.gz"
url_api = "https://api.github.com/repos/golangci/golangci-lint/releases/assets/413471054"
provenance = "github-attestations"

[tools.golangci-lint."platforms.linux-x64-musl"]
checksum = "sha256:8df580d2670fed8fa984aac0507099af8df275e665215f5c7a2ae3943893a553"
url = "https://github.com/golangci/golangci-lint/releases/download/v2.12.2/golangci-lint-2.12.2-linux-amd64.tar.gz"
url_api = "https://api.github.com/repos/golangci/golangci-lint/releases/assets/413471054"
provenance = "github-attestations"

[tools.golangci-lint."platforms.macos-arm64"]
checksum = "sha256:a9c54498731b3128f79e090be6110f3e5fffccc617b08142ed244d4126c73f29"
url = "https://github.com/golangci/golangci-lint/releases/download/v2.12.2/golangci-lint-2.12.2-darwin-arm64.tar.gz"
url_api = "https://api.github.com/repos/golangci/golangci-lint/releases/assets/413470950"
provenance = "github-attestations"

[tools.golangci-lint."platforms.macos-x64"]
checksum = "sha256:f6f06d94b6241521c53d15450c5209b028270bf966f842afb11c030c79f5bc16"
url = "https://github.com/golangci/golangci-lint/releases/download/v2.12.2/golangci-lint-2.12.2-darwin-amd64.tar.gz"
url_api = "https://api.github.com/repos/golangci/golangci-lint/releases/assets/413470980"
provenance = "github-attestations"

[tools.golangci-lint."platforms.windows-x64"]
checksum = "sha256:bd42e3ebc8cb4ececb86941983baaf1dc221bbb04d838e94ce63b49cc91e02bb"
url = "https://github.com/golangci/golangci-lint/releases/download/v2.12.2/golangci-lint-2.12.2-windows-amd64.zip"
url_api = "https://api.github.com/repos/golangci/golangci-lint/releases/assets/413471017"
provenance = "github-attestations"

[[tools."npm:prettier"]]
version = "3.8.4"
backend = "npm:prettier"
